// !$*UTF8*$!
{
	archiveVersion = 1;
	classes = {
	};
	objectVersion = 56;
	objects = {

/* Begin PBXBuildFile section */
		D729EA3D2BEDFD1A00ED2A99 /* TestWork1App.swift in Sources */ = {isa = PBXBuildFile; fileRef = D729EA3C2BEDFD1A00ED2A99 /* TestWork1App.swift */; };
		D729EA3F2BEDFD1A00ED2A99 /* ContentView.swift in Sources */ = {isa = PBXBuildFile; fileRef = D729EA3E2BEDFD1A00ED2A99 /* ContentView.swift */; };
		D729EA412BEDFD2300ED2A99 /* Assets.xcassets in Resources */ = {isa = PBXBuildFile; fileRef = D729EA402BEDFD2300ED2A99 /* Assets.xcassets */; };
		D729EA442BEDFD2300ED2A99 /* Preview Assets.xcassets in Resources */ = {isa = PBXBuildFile; fileRef = D729EA432BEDFD2300ED2A99 /* Preview Assets.xcassets */; };
		D729EA4B2BEDFDC600ED2A99 /* FirstView.swift in Sources */ = {isa = PBXBuildFile; fileRef = D729EA4A2BEDFDC600ED2A99 /* FirstView.swift */; };
		D729EA4D2BEE01DF00ED2A99 /* Colors.swift in Sources */ = {isa = PBXBuildFile; fileRef = D729EA4C2BEE01DF00ED2A99 /* Colors.swift */; };
		D7A2C9852BF7A402007673DC /* Icons.swift in Sources */ = {isa = PBXBuildFile; fileRef = D7A2C9842BF7A402007673DC /* Icons.swift */; };
		D7A2C9882BF7A44C007673DC /* StringProtocolExt.swift in Sources */ = {isa = PBXBuildFile; fileRef = D7A2C9872BF7A44C007673DC /* StringProtocolExt.swift */; };
		D7A2C98A2BF7A82A007673DC /* StaticUI.swift in Sources */ = {isa = PBXBuildFile; fileRef = D7A2C9892BF7A82A007673DC /* StaticUI.swift */; };
		D7A2C98D2BF7A86E007673DC /* ContinueButtonStyle.swift in Sources */ = {isa = PBXBuildFile; fileRef = D7A2C98C2BF7A86E007673DC /* ContinueButtonStyle.swift */; };
		D7A2C98F2BF7DBE7007673DC /* ButtonStyles.swift in Sources */ = {isa = PBXBuildFile; fileRef = D7A2C98E2BF7DBE7007673DC /* ButtonStyles.swift */; };
		D7A2C9912BF7DC56007673DC /* PriceButtonStyle.swift in Sources */ = {isa = PBXBuildFile; fileRef = D7A2C9902BF7DC56007673DC /* PriceButtonStyle.swift */; };
		D7A2C9952BFA58E1007673DC /* SecondView.swift in Sources */ = {isa = PBXBuildFile; fileRef = D7A2C9942BFA58E1007673DC /* SecondView.swift */; };
		D7A2C9982BFA6CF8007673DC /* Coordinator.swift in Sources */ = {isa = PBXBuildFile; fileRef = D7A2C9972BFA6CF7007673DC /* Coordinator.swift */; };
/* End PBXBuildFile section */

/* Begin PBXFileReference section */
		D729EA392BEDFD1A00ED2A99 /* TestWork1.app */ = {isa = PBXFileReference; explicitFileType = wrapper.application; includeInIndex = 0; path = TestWork1.app; sourceTree = BUILT_PRODUCTS_DIR; };
		D729EA3C2BEDFD1A00ED2A99 /* TestWork1App.swift */ = {isa = PBXFileReference; lastKnownFileType = sourcecode.swift; path = TestWork1App.swift; sourceTree = "<group>"; };
		D729EA3E2BEDFD1A00ED2A99 /* ContentView.swift */ = {isa = PBXFileReference; lastKnownFileType = sourcecode.swift; path = ContentView.swift; sourceTree = "<group>"; };
		D729EA402BEDFD2300ED2A99 /* Assets.xcassets */ = {isa = PBXFileReference; lastKnownFileType = folder.assetcatalog; path = Assets.xcassets; sourceTree = "<group>"; };
		D729EA432BEDFD2300ED2A99 /* Preview Assets.xcassets */ = {isa = PBXFileReference; lastKnownFileType = folder.assetcatalog; path = "Preview Assets.xcassets"; sourceTree = "<group>"; };
		D729EA4A2BEDFDC600ED2A99 /* FirstView.swift */ = {isa = PBXFileReference; lastKnownFileType = sourcecode.swift; path = FirstView.swift; sourceTree = "<group>"; };
		D729EA4C2BEE01DF00ED2A99 /* Colors.swift */ = {isa = PBXFileReference; lastKnownFileType = sourcecode.swift; path = Colors.swift; sourceTree = "<group>"; };
		D7A2C9842BF7A402007673DC /* Icons.swift */ = {isa = PBXFileReference; lastKnownFileType = sourcecode.swift; path = Icons.swift; sourceTree = "<group>"; };
		D7A2C9872BF7A44C007673DC /* StringProtocolExt.swift */ = {isa = PBXFileReference; lastKnownFileType = sourcecode.swift; path = StringProtocolExt.swift; sourceTree = "<group>"; };
		D7A2C9892BF7A82A007673DC /* StaticUI.swift */ = {isa = PBXFileReference; lastKnownFileType = sourcecode.swift; path = StaticUI.swift; sourceTree = "<group>"; };
		D7A2C98C2BF7A86E007673DC /* ContinueButtonStyle.swift */ = {isa = PBXFileReference; lastKnownFileType = sourcecode.swift; path = ContinueButtonStyle.swift; sourceTree = "<group>"; };
		D7A2C98E2BF7DBE7007673DC /* ButtonStyles.swift */ = {isa = PBXFileReference; lastKnownFileType = sourcecode.swift; path = ButtonStyles.swift; sourceTree = "<group>"; };
		D7A2C9902BF7DC56007673DC /* PriceButtonStyle.swift */ = {isa = PBXFileReference; lastKnownFileType = sourcecode.swift; path = PriceButtonStyle.swift; sourceTree = "<group>"; };
		D7A2C9942BFA58E1007673DC /* SecondView.swift */ = {isa = PBXFileReference; lastKnownFileType = sourcecode.swift; path = SecondView.swift; sourceTree = "<group>"; };
		D7A2C9972BFA6CF7007673DC /* Coordinator.swift */ = {isa = PBXFileReference; lastKnownFileType = sourcecode.swift; path = Coordinator.swift; sourceTree = "<group>"; };
/* End PBXFileReference section */

/* Begin PBXFrameworksBuildPhase section */
		D729EA362BEDFD1A00ED2A99 /* Frameworks */ = {
			isa = PBXFrameworksBuildPhase;
			buildActionMask = 2147483647;
			files = (
			);
			runOnlyForDeploymentPostprocessing = 0;
		};
/* End PBXFrameworksBuildPhase section */

/* Begin PBXGroup section */
		D729EA302BEDFD1A00ED2A99 = {
			isa = PBXGroup;
			children = (
				D729EA3B2BEDFD1A00ED2A99 /* TestWork1 */,
				D729EA3A2BEDFD1A00ED2A99 /* Products */,
			);
			sourceTree = "<group>";
		};
		D729EA3A2BEDFD1A00ED2A99 /* Products */ = {
			isa = PBXGroup;
			children = (
				D729EA392BEDFD1A00ED2A99 /* TestWork1.app */,
			);
			name = Products;
			sourceTree = "<group>";
		};
		D729EA3B2BEDFD1A00ED2A99 /* TestWork1 */ = {
			isa = PBXGroup;
			children = (
				D729EA3C2BEDFD1A00ED2A99 /* TestWork1App.swift */,
				D7A2C9962BFA6CDE007673DC /* Navigation */,
				D7A2C98B2BF7A863007673DC /* Styles */,
				D7A2C9862BF7A41E007673DC /* Extensions */,
				D7A2C9832BF7A3DD007673DC /* Constants */,
				D7A2C9922BFA5886007673DC /* Screens */,
				D7A2C9932BFA58B4007673DC /* Subviews */,
				D729EA402BEDFD2300ED2A99 /* Assets.xcassets */,
				D729EA422BEDFD2300ED2A99 /* Preview Content */,
			);
			path = TestWork1;
			sourceTree = "<group>";
		};
		D729EA422BEDFD2300ED2A99 /* Preview Content */ = {
			isa = PBXGroup;
			children = (
				D729EA432BEDFD2300ED2A99 /* Preview Assets.xcassets */,
			);
			path = "Preview Content";
			sourceTree = "<group>";
		};
		D7A2C9832BF7A3DD007673DC /* Constants */ = {
			isa = PBXGroup;
			children = (
				D729EA4C2BEE01DF00ED2A99 /* Colors.swift */,
				D7A2C9842BF7A402007673DC /* Icons.swift */,
			);
			path = Constants;
			sourceTree = "<group>";
		};
		D7A2C9862BF7A41E007673DC /* Extensions */ = {
			isa = PBXGroup;
			children = (
				D7A2C9872BF7A44C007673DC /* StringProtocolExt.swift */,
			);
			path = Extensions;
			sourceTree = "<group>";
		};
		D7A2C98B2BF7A863007673DC /* Styles */ = {
			isa = PBXGroup;
			children = (
				D7A2C98E2BF7DBE7007673DC /* ButtonStyles.swift */,
				D7A2C98C2BF7A86E007673DC /* ContinueButtonStyle.swift */,
				D7A2C9902BF7DC56007673DC /* PriceButtonStyle.swift */,
			);
			path = Styles;
			sourceTree = "<group>";
		};
		D7A2C9922BFA5886007673DC /* Screens */ = {
			isa = PBXGroup;
			children = (
				D729EA3E2BEDFD1A00ED2A99 /* ContentView.swift */,
				D729EA4A2BEDFDC600ED2A99 /* FirstView.swift */,
				D7A2C9942BFA58E1007673DC /* SecondView.swift */,
			);
			path = Screens;
			sourceTree = "<group>";
		};
		D7A2C9932BFA58B4007673DC /* Subviews */ = {
			isa = PBXGroup;
			children = (
				D7A2C9892BF7A82A007673DC /* StaticUI.swift */,
			);
			path = Subviews;
			sourceTree = "<group>";
		};
		D7A2C9962BFA6CDE007673DC /* Navigation */ = {
			isa = PBXGroup;
			children = (
				D7A2C9972BFA6CF7007673DC /* Coordinator.swift */,
			);
			path = Navigation;
			sourceTree = "<group>";
		};
/* End PBXGroup section */

/* Begin PBXNativeTarget section */
		D729EA382BEDFD1A00ED2A99 /* TestWork1 */ = {
			isa = PBXNativeTarget;
			buildConfigurationList = D729EA472BEDFD2300ED2A99 /* Build configuration list for PBXNativeTarget "TestWork1" */;
			buildPhases = (
				D729EA352BEDFD1A00ED2A99 /* Sources */,
				D729EA362BEDFD1A00ED2A99 /* Frameworks */,
				D729EA372BEDFD1A00ED2A99 /* Resources */,
			);
			buildRules = (
			);
			dependencies = (
			);
			name = TestWork1;
			productName = TestWork1;
			productReference = D729EA392BEDFD1A00ED2A99 /* TestWork1.app */;
			productType = "com.apple.product-type.application";
		};
/* End PBXNativeTarget section */

/* Begin PBXProject section */
		D729EA312BEDFD1A00ED2A99 /* Project object */ = {
			isa = PBXProject;
			attributes = {
				BuildIndependentTargetsInParallel = 1;
				LastSwiftUpdateCheck = 1520;
				LastUpgradeCheck = 1520;
				TargetAttributes = {
					D729EA382BEDFD1A00ED2A99 = {
						CreatedOnToolsVersion = 15.2;
					};
				};
			};
			buildConfigurationList = D729EA342BEDFD1A00ED2A99 /* Build configuration list for PBXProject "TestWork1" */;
			compatibilityVersion = "Xcode 14.0";
			developmentRegion = en;
			hasScannedForEncodings = 0;
			knownRegions = (
				en,
				Base,
			);
			mainGroup = D729EA302BEDFD1A00ED2A99;
			productRefGroup = D729EA3A2BEDFD1A00ED2A99 /* Products */;
			projectDirPath = "";
			projectRoot = "";
			targets = (
				D729EA382BEDFD1A00ED2A99 /* TestWork1 */,
			);
		};
/* End PBXProject section */

/* Begin PBXResourcesBuildPhase section */
		D729EA372BEDFD1A00ED2A99 /* Resources */ = {
			isa = PBXResourcesBuildPhase;
			buildActionMask = 2147483647;
			files = (
				D729EA442BEDFD2300ED2A99 /* Preview Assets.xcassets in Resources */,
				D729EA412BEDFD2300ED2A99 /* Assets.xcassets in Resources */,
			);
			runOnlyForDeploymentPostprocessing = 0;
		};
/* End PBXResourcesBuildPhase section */

/* Begin PBXSourcesBuildPhase section */
		D729EA352BEDFD1A00ED2A99 /* Sources */ = {
			isa = PBXSourcesBuildPhase;
			buildActionMask = 2147483647;
			files = (
				D7A2C98D2BF7A86E007673DC /* ContinueButtonStyle.swift in Sources */,
				D729EA3F2BEDFD1A00ED2A99 /* ContentView.swift in Sources */,
				D729EA4D2BEE01DF00ED2A99 /* Colors.swift in Sources */,
				D7A2C9882BF7A44C007673DC /* StringProtocolExt.swift in Sources */,
				D7A2C98F2BF7DBE7007673DC /* ButtonStyles.swift in Sources */,
				D7A2C9952BFA58E1007673DC /* SecondView.swift in Sources */,
				D729EA4B2BEDFDC600ED2A99 /* FirstView.swift in Sources */,
				D7A2C98A2BF7A82A007673DC /* StaticUI.swift in Sources */,
				D7A2C9982BFA6CF8007673DC /* Coordinator.swift in Sources */,
				D7A2C9912BF7DC56007673DC /* PriceButtonStyle.swift in Sources */,
				D7A2C9852BF7A402007673DC /* Icons.swift in Sources */,
				D729EA3D2BEDFD1A00ED2A99 /* TestWork1App.swift in Sources */,
			);
			runOnlyForDeploymentPostprocessing = 0;
		};
/* End PBXSourcesBuildPhase section */

/* Begin XCBuildConfiguration section */
		D729EA452BEDFD2300ED2A99 /* Debug */ = {
			isa = XCBuildConfiguration;
			buildSettings = {
				ALWAYS_SEARCH_USER_PATHS = NO;
				ASSETCATALOG_COMPILER_GENERATE_SWIFT_ASSET_SYMBOL_EXTENSIONS = YES;
				CLANG_ANALYZER_NONNULL = YES;
				CLANG_ANALYZER_NUMBER_OBJECT_CONVERSION = YES_AGGRESSIVE;
				CLANG_CXX_LANGUAGE_STANDARD = "gnu++20";
				CLANG_ENABLE_MODULES = YES;
				CLANG_ENABLE_OBJC_ARC = YES;
				CLANG_ENABLE_OBJC_WEAK = YES;
				CLANG_WARN_BLOCK_CAPTURE_AUTORELEASING = YES;
				CLANG_WARN_BOOL_CONVERSION = YES;
				CLANG_WARN_COMMA = YES;
				CLANG_WARN_CONSTANT_CONVERSION = YES;
				CLANG_WARN_DEPRECATED_OBJC_IMPLEMENTATIONS = YES;
				CLANG_WARN_DIRECT_OBJC_ISA_USAGE = YES_ERROR;
				CLANG_WARN_DOCUMENTATION_COMMENTS = YES;
				CLANG_WARN_EMPTY_BODY = YES;
				CLANG_WARN_ENUM_CONVERSION = YES;
				CLANG_WARN_INFINITE_RECURSION = YES;
				CLANG_WARN_INT_CONVERSION = YES;
				CLANG_WARN_NON_LITERAL_NULL_CONVERSION = YES;
				CLANG_WARN_OBJC_IMPLICIT_RETAIN_SELF = YES;
				CLANG_WARN_OBJC_LITERAL_CONVERSION = YES;
				CLANG_WARN_OBJC_ROOT_CLASS = YES_ERROR;
				CLANG_WARN_QUOTED_INCLUDE_IN_FRAMEWORK_HEADER = YES;
				CLANG_WARN_RANGE_LOOP_ANALYSIS = YES;
				CLANG_WARN_STRICT_PROTOTYPES = YES;
				CLANG_WARN_SUSPICIOUS_MOVE = YES;
				CLANG_WARN_UNGUARDED_AVAILABILITY = YES_AGGRESSIVE;
				CLANG_WARN_UNREACHABLE_CODE = YES;
				CLANG_WARN__DUPLICATE_METHOD_MATCH = YES;
				COPY_PHASE_STRIP = NO;
				DEBUG_INFORMATION_FORMAT = dwarf;
				ENABLE_STRICT_OBJC_MSGSEND = YES;
				ENABLE_TESTABILITY = YES;
				ENABLE_USER_SCRIPT_SANDBOXING = YES;
				GCC_C_LANGUAGE_STANDARD = gnu17;
				GCC_DYNAMIC_NO_PIC = NO;
				GCC_NO_COMMON_BLOCKS = YES;
				GCC_OPTIMIZATION_LEVEL = 0;
				GCC_PREPROCESSOR_DEFINITIONS = (
					"DEBUG=1",
					"$(inherited)",
				);
				GCC_WARN_64_TO_32_BIT_CONVERSION = YES;
				GCC_WARN_ABOUT_RETURN_TYPE = YES_ERROR;
				GCC_WARN_UNDECLARED_SELECTOR = YES;
				GCC_WARN_UNINITIALIZED_AUTOS = YES_AGGRESSIVE;
				GCC_WARN_UNUSED_FUNCTION = YES;
				GCC_WARN_UNUSED_VARIABLE = YES;
				IPHONEOS_DEPLOYMENT_TARGET = 17.2;
				LOCALIZATION_PREFERS_STRING_CATALOGS = YES;
				MTL_ENABLE_DEBUG_INFO = INCLUDE_SOURCE;
				MTL_FAST_MATH = YES;
				ONLY_ACTIVE_ARCH = YES;
				SDKROOT = iphoneos;
				SWIFT_ACTIVE_COMPILATION_CONDITIONS = "DEBUG $(inherited)";
				SWIFT_OPTIMIZATION_LEVEL = "-Onone";
			};
			name = Debug;
		};
		D729EA462BEDFD2300ED2A99 /* Release */ = {
			isa = XCBuildConfiguration;
			buildSettings = {
				ALWAYS_SEARCH_USER_PATHS = NO;
				ASSETCATALOG_COMPILER_GENERATE_SWIFT_ASSET_SYMBOL_EXTENSIONS = YES;
				CLANG_ANALYZER_NONNULL = YES;
				CLANG_ANALYZER_NUMBER_OBJECT_CONVERSION = YES_AGGRESSIVE;
				CLANG_CXX_LANGUAGE_STANDARD = "gnu++20";
				CLANG_ENABLE_MODULES = YES;
				CLANG_ENABLE_OBJC_ARC = YES;
				CLANG_ENABLE_OBJC_WEAK = YES;
				CLANG_WARN_BLOCK_CAPTURE_AUTORELEASING = YES;
				CLANG_WARN_BOOL_CONVERSION = YES;
				CLANG_WARN_COMMA = YES;
				CLANG_WARN_CONSTANT_CONVERSION = YES;
				CLANG_WARN_DEPRECATED_OBJC_IMPLEMENTATIONS = YES;
				CLANG_WARN_DIRECT_OBJC_ISA_USAGE = YES_ERROR;
				CLANG_WARN_DOCUMENTATION_COMMENTS = YES;
				CLANG_WARN_EMPTY_BODY = YES;
				CLANG_WARN_ENUM_CONVERSION = YES;
				CLANG_WARN_INFINITE_RECURSION = YES;
				CLANG_WARN_INT_CONVERSION = YES;
				CLANG_WARN_NON_LITERAL_NULL_CONVERSION = YES;
				CLANG_WARN_OBJC_IMPLICIT_RETAIN_SELF = YES;
				CLANG_WARN_OBJC_LITERAL_CONVERSION = YES;
				CLANG_WARN_OBJC_ROOT_CLASS = YES_ERROR;
				CLANG_WARN_QUOTED_INCLUDE_IN_FRAMEWORK_HEADER = YES;
				CLANG_WARN_RANGE_LOOP_ANALYSIS = YES;
				CLANG_WARN_STRICT_PROTOTYPES = YES;
				CLANG_WARN_SUSPICIOUS_MOVE = YES;
				CLANG_WARN_UNGUARDED_AVAILABILITY = YES_AGGRESSIVE;
				CLANG_WARN_UNREACHABLE_CODE = YES;
				CLANG_WARN__DUPLICATE_METHOD_MATCH = YES;
				COPY_PHASE_STRIP = NO;
				DEBUG_INFORMATION_FORMAT = "dwarf-with-dsym";
				ENABLE_NS_ASSERTIONS = NO;
				ENABLE_STRICT_OBJC_MSGSEND = YES;
				ENABLE_USER_SCRIPT_SANDBOXING = YES;
				GCC_C_LANGUAGE_STANDARD = gnu17;
				GCC_NO_COMMON_BLOCKS = YES;
				GCC_WARN_64_TO_32_BIT_CONVERSION = YES;
				GCC_WARN_ABOUT_RETURN_TYPE = YES_ERROR;
				GCC_WARN_UNDECLARED_SELECTOR = YES;
				GCC_WARN_UNINITIALIZED_AUTOS = YES_AGGRESSIVE;
				GCC_WARN_UNUSED_FUNCTION = YES;
				GCC_WARN_UNUSED_VARIABLE = YES;
				IPHONEOS_DEPLOYMENT_TARGET = 17.2;
				LOCALIZATION_PREFERS_STRING_CATALOGS = YES;
				MTL_ENABLE_DEBUG_INFO = NO;
				MTL_FAST_MATH = YES;
				SDKROOT = iphoneos;
				SWIFT_COMPILATION_MODE = wholemodule;
				VALIDATE_PRODUCT = YES;
			};
			name = Release;
		};
		D729EA482BEDFD2300ED2A99 /* Debug */ = {
			isa = XCBuildConfiguration;
			buildSettings = {
				ASSETCATALOG_COMPILER_APPICON_NAME = AppIcon;
				ASSETCATALOG_COMPILER_GLOBAL_ACCENT_COLOR_NAME = AccentColor;
				CODE_SIGN_STYLE = Automatic;
				CURRENT_PROJECT_VERSION = 1;
				DEVELOPMENT_ASSET_PATHS = "\"TestWork1/Preview Content\"";
				DEVELOPMENT_TEAM = 8FA6F58X42;
				ENABLE_PREVIEWS = YES;
				GENERATE_INFOPLIST_FILE = YES;
				INFOPLIST_KEY_UIApplicationSceneManifest_Generation = YES;
				INFOPLIST_KEY_UIApplicationSupportsIndirectInputEvents = YES;
				INFOPLIST_KEY_UILaunchScreen_Generation = YES;
				INFOPLIST_KEY_UISupportedInterfaceOrientations_iPad = "UIInterfaceOrientationPortrait UIInterfaceOrientationPortraitUpsideDown UIInterfaceOrientationLandscapeLeft UIInterfaceOrientationLandscapeRight";
				INFOPLIST_KEY_UISupportedInterfaceOrientations_iPhone = "UIInterfaceOrientationPortrait UIInterfaceOrientationLandscapeLeft UIInterfaceOrientationLandscapeRight";
				LD_RUNPATH_SEARCH_PATHS = (
					"$(inherited)",
					"@executable_path/Frameworks",
				);
				MARKETING_VERSION = 1.0;
				PRODUCT_BUNDLE_IDENTIFIER = com.aynur19.akim.TestWork1;
				PRODUCT_NAME = "$(TARGET_NAME)";
				SWIFT_EMIT_LOC_STRINGS = YES;
				SWIFT_VERSION = 5.0;
				TARGETED_DEVICE_FAMILY = "1,2";
			};
			name = Debug;
		};
		D729EA492BEDFD2300ED2A99 /* Release */ = {
			isa = XCBuildConfiguration;
			buildSettings = {
				ASSETCATALOG_COMPILER_APPICON_NAME = AppIcon;
				ASSETCATALOG_COMPILER_GLOBAL_ACCENT_COLOR_NAME = AccentColor;
				CODE_SIGN_STYLE = Automatic;
				CURRENT_PROJECT_VERSION = 1;
				DEVELOPMENT_ASSET_PATHS = "\"TestWork1/Preview Content\"";
				DEVELOPMENT_TEAM = 8FA6F58X42;
				ENABLE_PREVIEWS = YES;
				GENERATE_INFOPLIST_FILE = YES;
				INFOPLIST_KEY_UIApplicationSceneManifest_Generation = YES;
				INFOPLIST_KEY_UIApplicationSupportsIndirectInputEvents = YES;
				INFOPLIST_KEY_UILaunchScreen_Generation = YES;
				INFOPLIST_KEY_UISupportedInterfaceOrientations_iPad = "UIInterfaceOrientationPortrait UIInterfaceOrientationPortraitUpsideDown UIInterfaceOrientationLandscapeLeft UIInterfaceOrientationLandscapeRight";
				INFOPLIST_KEY_UISupportedInterfaceOrientations_iPhone = "UIInterfaceOrientationPortrait UIInterfaceOrientationLandscapeLeft UIInterfaceOrientationLandscapeRight";
				LD_RUNPATH_SEARCH_PATHS = (
					"$(inherited)",
					"@executable_path/Frameworks",
				);
				MARKETING_VERSION = 1.0;
				PRODUCT_BUNDLE_IDENTIFIER = com.aynur19.akim.TestWork1;
				PRODUCT_NAME = "$(TARGET_NAME)";
				SWIFT_EMIT_LOC_STRINGS = YES;
				SWIFT_VERSION = 5.0;
				TARGETED_DEVICE_FAMILY = "1,2";
			};
			name = Release;
		};
/* End XCBuildConfiguration section */

/* Begin XCConfigurationList section */
		D729EA342BEDFD1A00ED2A99 /* Build configuration list for PBXProject "TestWork1" */ = {
			isa = XCConfigurationList;
			buildConfigurations = (
				D729EA452BEDFD2300ED2A99 /* Debug */,
				D729EA462BEDFD2300ED2A99 /* Release */,
			);
			defaultConfigurationIsVisible = 0;
			defaultConfigurationName = Release;
		};
		D729EA472BEDFD2300ED2A99 /* Build configuration list for PBXNativeTarget "TestWork1" */ = {
			isa = XCConfigurationList;
			buildConfigurations = (
				D729EA482BEDFD2300ED2A99 /* Debug */,
				D729EA492BEDFD2300ED2A99 /* Release */,
			);
			defaultConfigurationIsVisible = 0;
			defaultConfigurationName = Release;
		};
/* End XCConfigurationList section */
	};
	rootObject = D729EA312BEDFD1A00ED2A99 /* Project object */;
}
